
Microsoft Visual Studio Solution File, Format Version 12.00
# Visual Studio Version 17
VisualStudioVersion = 17.11.35219.272
MinimumVisualStudioVersion = 10.0.40219.1
Project("{FAE04EC0-301F-11D3-BF4B-00C04F79EFBC}") = "UserService", "UserService\UserService.csproj", "{507E9866-5FED-4D44-9087-EB5EC5D5A7C7}"
EndProject
Project("{FAE04EC0-301F-11D3-BF4B-00C04F79EFBC}") = "GameService", "GameService\GameService.csproj", "{5090CC2C-03CE-46A9-A70C-812D15345E75}"
EndProject
Project("{FAE04EC0-301F-11D3-BF4B-00C04F79EFBC}") = "NotificationService", "NotificationService\NotificationService.csproj", "{5F976ABF-32A2-4F21-A5F4-D7618C88F316}"
EndProject
Global
	GlobalSection(SolutionConfigurationPlatforms) = preSolution
		Debug|Any CPU = Debug|Any CPU
		Release|Any CPU = Release|Any CPU
	EndGlobalSection
	GlobalSection(ProjectConfigurationPlatforms) = postSolution
		{507E9866-5FED-4D44-9087-EB5EC5D5A7C7}.Debug|Any CPU.ActiveCfg = Debug|Any CPU
		{507E9866-5FED-4D44-9087-EB5EC5D5A7C7}.Debug|Any CPU.Build.0 = Debug|Any CPU
		{507E9866-5FED-4D44-9087-EB5EC5D5A7C7}.Release|Any CPU.ActiveCfg = Release|Any CPU
		{507E9866-5FED-4D44-9087-EB5EC5D5A7C7}.Release|Any CPU.Build.0 = Release|Any CPU
		{5090CC2C-03CE-46A9-A70C-812D15345E75}.Debug|Any CPU.ActiveCfg = Debug|Any CPU
		{5090CC2C-03CE-46A9-A70C-812D15345E75}.Debug|Any CPU.Build.0 = Debug|Any CPU
		{5090CC2C-03CE-46A9-A70C-812D15345E75}.Release|Any CPU.ActiveCfg = Release|Any CPU
		{5090CC2C-03CE-46A9-A70C-812D15345E75}.Release|Any CPU.Build.0 = Release|Any CPU
		{5F976ABF-32A2-4F21-A5F4-D7618C88F316}.Debug|Any CPU.ActiveCfg = Debug|Any CPU
		{5F976ABF-32A2-4F21-A5F4-D7618C88F316}.Debug|Any CPU.Build.0 = Debug|Any CPU
		{5F976ABF-32A2-4F21-A5F4-D7618C88F316}.Release|Any CPU.ActiveCfg = Release|Any CPU
		{5F976ABF-32A2-4F21-A5F4-D7618C88F316}.Release|Any CPU.Build.0 = Release|Any CPU
	EndGlobalSection
	GlobalSection(SolutionProperties) = preSolution
		HideSolutionNode = FALSE
	EndGlobalSection
	GlobalSection(ExtensibilityGlobals) = postSolution
		SolutionGuid = {93C49B05-0D61-4DAF-9491-537E0FAB4232}
	EndGlobalSection
EndGlobal
